
Microsoft Visual Studio Solution File, Format Version 12.00
# Visual Studio 15
Project("{FAE04EC0-301F-11D3-BF4B-00C04F79EFBC}") = "Assembly-CSharp", "Assembly-CSharp.csproj", "{3BB65287-5491-9AAE-578F-C421539A7EB3}"
EndProject
Project("{FAE04EC0-301F-11D3-BF4B-00C04F79EFBC}") = "Obi", "Obi.csproj", "{6322560D-4334-B3FA-05B7-36E2A949C620}"
EndProject
Project("{FAE04EC0-301F-11D3-BF4B-00C04F79EFBC}") = "PhotonUnityNetworking.Demos", "PhotonUnityNetworking.Demos.csproj", "{CDBDEDE7-03E1-F7E3-E3AE-2F9729382CB7}"
EndProject
Project("{FAE04EC0-301F-11D3-BF4B-00C04F79EFBC}") = "PhotonRealtime", "PhotonRealtime.csproj", "{0CDA517E-631F-A7D8-6093-239411EF90DF}"
EndProject
Project("{FAE04EC0-301F-11D3-BF4B-00C04F79EFBC}") = "PhotonUnityNetworking", "PhotonUnityNetworking.csproj", "{C4CEEF6E-174D-A555-7867-1AAE8BFA0E6F}"
EndProject
Project("{FAE04EC0-301F-11D3-BF4B-00C04F79EFBC}") = "PhotonUnityNetworking.Utilities", "PhotonUnityNetworking.Utilities.csproj", "{28A9F195-F05F-1C78-6E93-81CA2765FE1A}"
EndProject
Project("{FAE04EC0-301F-11D3-BF4B-00C04F79EFBC}") = "PhotonChat", "PhotonChat.csproj", "{A950ECC3-B8E7-FEB1-A1C7-D2C9E9520406}"
EndProject
Project("{FAE04EC0-301F-11D3-BF4B-00C04F79EFBC}") = "PhotonUnityNetworking.Editor", "PhotonUnityNetworking.Editor.csproj", "{7A8F5A06-A854-6C89-9F39-5EABB851BA0F}"
EndProject
Project("{FAE04EC0-301F-11D3-BF4B-00C04F79EFBC}") = "Obi.Editor", "Obi.Editor.csproj", "{3186FA62-06EF-208A-A2B8-CEE8C41F4F18}"
EndProject
Project("{FAE04EC0-301F-11D3-BF4B-00C04F79EFBC}") = "Assembly-CSharp-Editor", "Assembly-CSharp-Editor.csproj", "{81B55E84-B7B3-ABD8-B4DA-C30719946CE2}"
EndProject
Project("{FAE04EC0-301F-11D3-BF4B-00C04F79EFBC}") = "PhotonUnityNetworking.Utilities.PhotonPlayer.Editor", "PhotonUnityNetworking.Utilities.PhotonPlayer.Editor.csproj", "{07A8A5F6-3460-AC17-DEB4-2035A3538D06}"
EndProject
Project("{FAE04EC0-301F-11D3-BF4B-00C04F79EFBC}") = "PunDemos.DemoSlotcarEditor", "PunDemos.DemoSlotcarEditor.csproj", "{C7597D50-2244-6FAB-97C3-697933B27415}"
EndProject
Project("{FAE04EC0-301F-11D3-BF4B-00C04F79EFBC}") = "PhotonUnityNetworking.Utilities.Culling.Editor", "PhotonUnityNetworking.Utilities.Culling.Editor.csproj", "{7803512F-4A36-35A9-B0EF-921D5FEB89CB}"
EndProject
Project("{FAE04EC0-301F-11D3-BF4B-00C04F79EFBC}") = "PunDemos.DemoHubEditor", "PunDemos.DemoHubEditor.csproj", "{9B4E63FA-642F-9800-266E-364FBC84AC5B}"
EndProject
Global
	GlobalSection(SolutionConfigurationPlatforms) = preSolution
		Debug|Any CPU = Debug|Any CPU
		Release|Any CPU = Release|Any CPU
	EndGlobalSection
	GlobalSection(ProjectConfigurationPlatforms) = postSolution
		{3BB65287-5491-9AAE-578F-C421539A7EB3}.Debug|Any CPU.ActiveCfg = Debug|Any CPU
		{3BB65287-5491-9AAE-578F-C421539A7EB3}.Debug|Any CPU.Build.0 = Debug|Any CPU
		{3BB65287-5491-9AAE-578F-C421539A7EB3}.Release|Any CPU.ActiveCfg = Release|Any CPU
		{3BB65287-5491-9AAE-578F-C421539A7EB3}.Release|Any CPU.Build.0 = Release|Any CPU
		{6322560D-4334-B3FA-05B7-36E2A949C620}.Debug|Any CPU.ActiveCfg = Debug|Any CPU
		{6322560D-4334-B3FA-05B7-36E2A949C620}.Debug|Any CPU.Build.0 = Debug|Any CPU
		{6322560D-4334-B3FA-05B7-36E2A949C620}.Release|Any CPU.ActiveCfg = Release|Any CPU
		{6322560D-4334-B3FA-05B7-36E2A949C620}.Release|Any CPU.Build.0 = Release|Any CPU
		{CDBDEDE7-03E1-F7E3-E3AE-2F9729382CB7}.Debug|Any CPU.ActiveCfg = Debug|Any CPU
		{CDBDEDE7-03E1-F7E3-E3AE-2F9729382CB7}.Debug|Any CPU.Build.0 = Debug|Any CPU
		{CDBDEDE7-03E1-F7E3-E3AE-2F9729382CB7}.Release|Any CPU.ActiveCfg = Release|Any CPU
		{CDBDEDE7-03E1-F7E3-E3AE-2F9729382CB7}.Release|Any CPU.Build.0 = Release|Any CPU
		{0CDA517E-631F-A7D8-6093-239411EF90DF}.Debug|Any CPU.ActiveCfg = Debug|Any CPU
		{0CDA517E-631F-A7D8-6093-239411EF90DF}.Debug|Any CPU.Build.0 = Debug|Any CPU
		{0CDA517E-631F-A7D8-6093-239411EF90DF}.Release|Any CPU.ActiveCfg = Release|Any CPU
		{0CDA517E-631F-A7D8-6093-239411EF90DF}.Release|Any CPU.Build.0 = Release|Any CPU
		{C4CEEF6E-174D-A555-7867-1AAE8BFA0E6F}.Debug|Any CPU.ActiveCfg = Debug|Any CPU
		{C4CEEF6E-174D-A555-7867-1AAE8BFA0E6F}.Debug|Any CPU.Build.0 = Debug|Any CPU
		{C4CEEF6E-174D-A555-7867-1AAE8BFA0E6F}.Release|Any CPU.ActiveCfg = Release|Any CPU
		{C4CEEF6E-174D-A555-7867-1AAE8BFA0E6F}.Release|Any CPU.Build.0 = Release|Any CPU
		{28A9F195-F05F-1C78-6E93-81CA2765FE1A}.Debug|Any CPU.ActiveCfg = Debug|Any CPU
		{28A9F195-F05F-1C78-6E93-81CA2765FE1A}.Debug|Any CPU.Build.0 = Debug|Any CPU
		{28A9F195-F05F-1C78-6E93-81CA2765FE1A}.Release|Any CPU.ActiveCfg = Release|Any CPU
		{28A9F195-F05F-1C78-6E93-81CA2765FE1A}.Release|Any CPU.Build.0 = Release|Any CPU
		{A950ECC3-B8E7-FEB1-A1C7-D2C9E9520406}.Debug|Any CPU.ActiveCfg = Debug|Any CPU
		{A950ECC3-B8E7-FEB1-A1C7-D2C9E9520406}.Debug|Any CPU.Build.0 = Debug|Any CPU
		{A950ECC3-B8E7-FEB1-A1C7-D2C9E9520406}.Release|Any CPU.ActiveCfg = Release|Any CPU
		{A950ECC3-B8E7-FEB1-A1C7-D2C9E9520406}.Release|Any CPU.Build.0 = Release|Any CPU
		{7A8F5A06-A854-6C89-9F39-5EABB851BA0F}.Debug|Any CPU.ActiveCfg = Debug|Any CPU
		{7A8F5A06-A854-6C89-9F39-5EABB851BA0F}.Debug|Any CPU.Build.0 = Debug|Any CPU
		{7A8F5A06-A854-6C89-9F39-5EABB851BA0F}.Release|Any CPU.ActiveCfg = Release|Any CPU
		{7A8F5A06-A854-6C89-9F39-5EABB851BA0F}.Release|Any CPU.Build.0 = Release|Any CPU
		{3186FA62-06EF-208A-A2B8-CEE8C41F4F18}.Debug|Any CPU.ActiveCfg = Debug|Any CPU
		{3186FA62-06EF-208A-A2B8-CEE8C41F4F18}.Debug|Any CPU.Build.0 = Debug|Any CPU
		{3186FA62-06EF-208A-A2B8-CEE8C41F4F18}.Release|Any CPU.ActiveCfg = Release|Any CPU
		{3186FA62-06EF-208A-A2B8-CEE8C41F4F18}.Release|Any CPU.Build.0 = Release|Any CPU
		{81B55E84-B7B3-ABD8-B4DA-C30719946CE2}.Debug|Any CPU.ActiveCfg = Debug|Any CPU
		{81B55E84-B7B3-ABD8-B4DA-C30719946CE2}.Debug|Any CPU.Build.0 = Debug|Any CPU
		{81B55E84-B7B3-ABD8-B4DA-C30719946CE2}.Release|Any CPU.ActiveCfg = Release|Any CPU
		{81B55E84-B7B3-ABD8-B4DA-C30719946CE2}.Release|Any CPU.Build.0 = Release|Any CPU
		{07A8A5F6-3460-AC17-DEB4-2035A3538D06}.Debug|Any CPU.ActiveCfg = Debug|Any CPU
		{07A8A5F6-3460-AC17-DEB4-2035A3538D06}.Debug|Any CPU.Build.0 = Debug|Any CPU
		{07A8A5F6-3460-AC17-DEB4-2035A3538D06}.Release|Any CPU.ActiveCfg = Release|Any CPU
		{07A8A5F6-3460-AC17-DEB4-2035A3538D06}.Release|Any CPU.Build.0 = Release|Any CPU
		{C7597D50-2244-6FAB-97C3-697933B27415}.Debug|Any CPU.ActiveCfg = Debug|Any CPU
		{C7597D50-2244-6FAB-97C3-697933B27415}.Debug|Any CPU.Build.0 = Debug|Any CPU
		{C7597D50-2244-6FAB-97C3-697933B27415}.Release|Any CPU.ActiveCfg = Release|Any CPU
		{C7597D50-2244-6FAB-97C3-697933B27415}.Release|Any CPU.Build.0 = Release|Any CPU
		{7803512F-4A36-35A9-B0EF-921D5FEB89CB}.Debug|Any CPU.ActiveCfg = Debug|Any CPU
		{7803512F-4A36-35A9-B0EF-921D5FEB89CB}.Debug|Any CPU.Build.0 = Debug|Any CPU
		{7803512F-4A36-35A9-B0EF-921D5FEB89CB}.Release|Any CPU.ActiveCfg = Release|Any CPU
		{7803512F-4A36-35A9-B0EF-921D5FEB89CB}.Release|Any CPU.Build.0 = Release|Any CPU
		{9B4E63FA-642F-9800-266E-364FBC84AC5B}.Debug|Any CPU.ActiveCfg = Debug|Any CPU
		{9B4E63FA-642F-9800-266E-364FBC84AC5B}.Debug|Any CPU.Build.0 = Debug|Any CPU
		{9B4E63FA-642F-9800-266E-364FBC84AC5B}.Release|Any CPU.ActiveCfg = Release|Any CPU
		{9B4E63FA-642F-9800-266E-364FBC84AC5B}.Release|Any CPU.Build.0 = Release|Any CPU
	EndGlobalSection
	GlobalSection(SolutionProperties) = preSolution
		HideSolutionNode = FALSE
	EndGlobalSection
EndGlobal
