
Microsoft Visual Studio Solution File, Format Version 11.00
# Visual Studio 2010
Project("{FAE04EC0-301F-11D3-BF4B-00C04F79EFBC}") = "Assembly-CSharp", "Assembly-CSharp.csproj", "{8752b63b-9154-ae9a-578f-c421539a7eb3}"
EndProject
Project("{FAE04EC0-301F-11D3-BF4B-00C04F79EFBC}") = "Obi", "Obi.csproj", "{0d562263-3443-fab3-05b7-36e2a949c620}"
EndProject
Project("{FAE04EC0-301F-11D3-BF4B-00C04F79EFBC}") = "PhotonUnityNetworking.Demos", "PhotonUnityNetworking.Demos.csproj", "{e7edbdcd-e103-e3f7-e3ae-2f9729382cb7}"
EndProject
Project("{FAE04EC0-301F-11D3-BF4B-00C04F79EFBC}") = "PhotonRealtime", "PhotonRealtime.csproj", "{7e51da0c-1f63-d8a7-6093-239411ef90df}"
EndProject
Project("{FAE04EC0-301F-11D3-BF4B-00C04F79EFBC}") = "PhotonUnityNetworking", "PhotonUnityNetworking.csproj", "{6eefcec4-4d17-55a5-7867-1aae8bfa0e6f}"
EndProject
Project("{FAE04EC0-301F-11D3-BF4B-00C04F79EFBC}") = "PhotonUnityNetworking.Utilities", "PhotonUnityNetworking.Utilities.csproj", "{95f1a928-5ff0-781c-6e93-81ca2765fe1a}"
EndProject
Project("{FAE04EC0-301F-11D3-BF4B-00C04F79EFBC}") = "PhotonChat", "PhotonChat.csproj", "{c3ec50a9-e7b8-b1fe-a1c7-d2c9e9520406}"
EndProject
Project("{FAE04EC0-301F-11D3-BF4B-00C04F79EFBC}") = "PhotonUnityNetworking.Editor", "PhotonUnityNetworking.Editor.csproj", "{065a8f7a-54a8-896c-9f39-5eabb851ba0f}"
EndProject
Project("{FAE04EC0-301F-11D3-BF4B-00C04F79EFBC}") = "Obi.Editor", "Obi.Editor.csproj", "{62fa8631-ef06-8a20-a2b8-cee8c41f4f18}"
EndProject
Project("{FAE04EC0-301F-11D3-BF4B-00C04F79EFBC}") = "Assembly-CSharp-Editor", "Assembly-CSharp-Editor.csproj", "{845eb581-b3b7-d8ab-b4da-c30719946ce2}"
EndProject
Project("{FAE04EC0-301F-11D3-BF4B-00C04F79EFBC}") = "PhotonUnityNetworking.Utilities.PhotonPlayer.Editor", "PhotonUnityNetworking.Utilities.PhotonPlayer.Editor.csproj", "{f6a5a807-6034-17ac-deb4-2035a3538d06}"
EndProject
Project("{FAE04EC0-301F-11D3-BF4B-00C04F79EFBC}") = "PunDemos.DemoSlotcarEditor", "PunDemos.DemoSlotcarEditor.csproj", "{507d59c7-4422-ab6f-97c3-697933b27415}"
EndProject
Project("{FAE04EC0-301F-11D3-BF4B-00C04F79EFBC}") = "PhotonUnityNetworking.Utilities.Culling.Editor", "PhotonUnityNetworking.Utilities.Culling.Editor.csproj", "{2f510378-364a-a935-b0ef-921d5feb89cb}"
EndProject
Project("{FAE04EC0-301F-11D3-BF4B-00C04F79EFBC}") = "PunDemos.DemoHubEditor", "PunDemos.DemoHubEditor.csproj", "{fa634e9b-2f64-0098-266e-364fbc84ac5b}"
EndProject
Global
	GlobalSection(SolutionConfigurationPlatforms) = preSolution
		Debug|Any CPU = Debug|Any CPU
	EndGlobalSection
	GlobalSection(ProjectConfigurationPlatforms) = postSolution
		{8752b63b-9154-ae9a-578f-c421539a7eb3}.Debug|Any CPU.ActiveCfg = Debug|Any CPU
		{8752b63b-9154-ae9a-578f-c421539a7eb3}.Debug|Any CPU.Build.0 = Debug|Any CPU
		{0d562263-3443-fab3-05b7-36e2a949c620}.Debug|Any CPU.ActiveCfg = Debug|Any CPU
		{0d562263-3443-fab3-05b7-36e2a949c620}.Debug|Any CPU.Build.0 = Debug|Any CPU
		{e7edbdcd-e103-e3f7-e3ae-2f9729382cb7}.Debug|Any CPU.ActiveCfg = Debug|Any CPU
		{e7edbdcd-e103-e3f7-e3ae-2f9729382cb7}.Debug|Any CPU.Build.0 = Debug|Any CPU
		{7e51da0c-1f63-d8a7-6093-239411ef90df}.Debug|Any CPU.ActiveCfg = Debug|Any CPU
		{7e51da0c-1f63-d8a7-6093-239411ef90df}.Debug|Any CPU.Build.0 = Debug|Any CPU
		{6eefcec4-4d17-55a5-7867-1aae8bfa0e6f}.Debug|Any CPU.ActiveCfg = Debug|Any CPU
		{6eefcec4-4d17-55a5-7867-1aae8bfa0e6f}.Debug|Any CPU.Build.0 = Debug|Any CPU
		{95f1a928-5ff0-781c-6e93-81ca2765fe1a}.Debug|Any CPU.ActiveCfg = Debug|Any CPU
		{95f1a928-5ff0-781c-6e93-81ca2765fe1a}.Debug|Any CPU.Build.0 = Debug|Any CPU
		{c3ec50a9-e7b8-b1fe-a1c7-d2c9e9520406}.Debug|Any CPU.ActiveCfg = Debug|Any CPU
		{c3ec50a9-e7b8-b1fe-a1c7-d2c9e9520406}.Debug|Any CPU.Build.0 = Debug|Any CPU
		{065a8f7a-54a8-896c-9f39-5eabb851ba0f}.Debug|Any CPU.ActiveCfg = Debug|Any CPU
		{065a8f7a-54a8-896c-9f39-5eabb851ba0f}.Debug|Any CPU.Build.0 = Debug|Any CPU
		{62fa8631-ef06-8a20-a2b8-cee8c41f4f18}.Debug|Any CPU.ActiveCfg = Debug|Any CPU
		{62fa8631-ef06-8a20-a2b8-cee8c41f4f18}.Debug|Any CPU.Build.0 = Debug|Any CPU
		{845eb581-b3b7-d8ab-b4da-c30719946ce2}.Debug|Any CPU.ActiveCfg = Debug|Any CPU
		{845eb581-b3b7-d8ab-b4da-c30719946ce2}.Debug|Any CPU.Build.0 = Debug|Any CPU
		{f6a5a807-6034-17ac-deb4-2035a3538d06}.Debug|Any CPU.ActiveCfg = Debug|Any CPU
		{f6a5a807-6034-17ac-deb4-2035a3538d06}.Debug|Any CPU.Build.0 = Debug|Any CPU
		{507d59c7-4422-ab6f-97c3-697933b27415}.Debug|Any CPU.ActiveCfg = Debug|Any CPU
		{507d59c7-4422-ab6f-97c3-697933b27415}.Debug|Any CPU.Build.0 = Debug|Any CPU
		{2f510378-364a-a935-b0ef-921d5feb89cb}.Debug|Any CPU.ActiveCfg = Debug|Any CPU
		{2f510378-364a-a935-b0ef-921d5feb89cb}.Debug|Any CPU.Build.0 = Debug|Any CPU
		{fa634e9b-2f64-0098-266e-364fbc84ac5b}.Debug|Any CPU.ActiveCfg = Debug|Any CPU
		{fa634e9b-2f64-0098-266e-364fbc84ac5b}.Debug|Any CPU.Build.0 = Debug|Any CPU
	EndGlobalSection
	GlobalSection(SolutionProperties) = preSolution
		HideSolutionNode = FALSE
	EndGlobalSection
EndGlobal
